
Microsoft Visual Studio Solution File, Format Version 12.00
# Visual Studio Version 17
VisualStudioVersion = 17.0.31903.59
MinimumVisualStudioVersion = 10.0.40219.1
Project("{FAE04EC0-301F-11D3-BF4B-00C04F79EFBC}") = "API", "API\API.csproj", "{32F7A438-A605-4615-BCA0-0F6170EAE7CC}"
EndProject
Project("{FAE04EC0-301F-11D3-BF4B-00C04F79EFBC}") = "Application", "Application\Application.csproj", "{F776C200-A8C5-4D9F-8DDC-09C247373750}"
EndProject
Project("{FAE04EC0-301F-11D3-BF4B-00C04F79EFBC}") = "Domain", "Domain\Domain.csproj", "{B895905C-A331-4A6C-9D3A-CD88C65514EE}"
EndProject
Project("{FAE04EC0-301F-11D3-BF4B-00C04F79EFBC}") = "Persistence", "Persistence\Persistence.csproj", "{514CB347-1342-47D5-8180-31B8F77C0EFE}"
EndProject
Global
	GlobalSection(SolutionConfigurationPlatforms) = preSolution
		Debug|Any CPU = Debug|Any CPU
		Release|Any CPU = Release|Any CPU
	EndGlobalSection
	GlobalSection(SolutionProperties) = preSolution
		HideSolutionNode = FALSE
	EndGlobalSection
	GlobalSection(ProjectConfigurationPlatforms) = postSolution
		{32F7A438-A605-4615-BCA0-0F6170EAE7CC}.Debug|Any CPU.ActiveCfg = Debug|Any CPU
		{32F7A438-A605-4615-BCA0-0F6170EAE7CC}.Debug|Any CPU.Build.0 = Debug|Any CPU
		{32F7A438-A605-4615-BCA0-0F6170EAE7CC}.Release|Any CPU.ActiveCfg = Release|Any CPU
		{32F7A438-A605-4615-BCA0-0F6170EAE7CC}.Release|Any CPU.Build.0 = Release|Any CPU
		{F776C200-A8C5-4D9F-8DDC-09C247373750}.Debug|Any CPU.ActiveCfg = Debug|Any CPU
		{F776C200-A8C5-4D9F-8DDC-09C247373750}.Debug|Any CPU.Build.0 = Debug|Any CPU
		{F776C200-A8C5-4D9F-8DDC-09C247373750}.Release|Any CPU.ActiveCfg = Release|Any CPU
		{F776C200-A8C5-4D9F-8DDC-09C247373750}.Release|Any CPU.Build.0 = Release|Any CPU
		{B895905C-A331-4A6C-9D3A-CD88C65514EE}.Debug|Any CPU.ActiveCfg = Debug|Any CPU
		{B895905C-A331-4A6C-9D3A-CD88C65514EE}.Debug|Any CPU.Build.0 = Debug|Any CPU
		{B895905C-A331-4A6C-9D3A-CD88C65514EE}.Release|Any CPU.ActiveCfg = Release|Any CPU
		{B895905C-A331-4A6C-9D3A-CD88C65514EE}.Release|Any CPU.Build.0 = Release|Any CPU
		{514CB347-1342-47D5-8180-31B8F77C0EFE}.Debug|Any CPU.ActiveCfg = Debug|Any CPU
		{514CB347-1342-47D5-8180-31B8F77C0EFE}.Debug|Any CPU.Build.0 = Debug|Any CPU
		{514CB347-1342-47D5-8180-31B8F77C0EFE}.Release|Any CPU.ActiveCfg = Release|Any CPU
		{514CB347-1342-47D5-8180-31B8F77C0EFE}.Release|Any CPU.Build.0 = Release|Any CPU
	EndGlobalSection
EndGlobal
